
Microsoft Visual Studio Solution File, Format Version 12.00
# Visual Studio Version 16
VisualStudioVersion = 16.0.30709.132
MinimumVisualStudioVersion = 10.0.40219.1
Project("{9A19103F-16F7-4668-BE54-9A1E7A4F7556}") = "Monitoring", "Monitoring\Monitoring.csproj", "{9411E1C4-7C09-461C-AEBF-057CF142B268}"
EndProject
Project("{9A19103F-16F7-4668-BE54-9A1E7A4F7556}") = "Monitoring.Data", "Monitoring.Data\Monitoring.Data.csproj", "{BA982D2A-36F8-415A-A0F3-42D0CA63445F}"
EndProject
Project("{9A19103F-16F7-4668-BE54-9A1E7A4F7556}") = "Monitoring.Infrastructure", "Monitoring.Infrastructure\Monitoring.Infrastructure.csproj", "{A925AB90-8964-4974-A2D2-E2C6742A3647}"
EndProject
Project("{FAE04EC0-301F-11D3-BF4B-00C04F79EFBC}") = "Monitoring.Job", "Monitoring.Job\Monitoring.Job.csproj", "{B7DE57FD-6776-4DD5-8382-BC507222D6F5}"
EndProject
Global
	GlobalSection(SolutionConfigurationPlatforms) = preSolution
		Debug|Any CPU = Debug|Any CPU
		Release|Any CPU = Release|Any CPU
	EndGlobalSection
	GlobalSection(ProjectConfigurationPlatforms) = postSolution
		{9411E1C4-7C09-461C-AEBF-057CF142B268}.Debug|Any CPU.ActiveCfg = Debug|Any CPU
		{9411E1C4-7C09-461C-AEBF-057CF142B268}.Debug|Any CPU.Build.0 = Debug|Any CPU
		{9411E1C4-7C09-461C-AEBF-057CF142B268}.Release|Any CPU.ActiveCfg = Release|Any CPU
		{9411E1C4-7C09-461C-AEBF-057CF142B268}.Release|Any CPU.Build.0 = Release|Any CPU
		{BA982D2A-36F8-415A-A0F3-42D0CA63445F}.Debug|Any CPU.ActiveCfg = Debug|Any CPU
		{BA982D2A-36F8-415A-A0F3-42D0CA63445F}.Debug|Any CPU.Build.0 = Debug|Any CPU
		{BA982D2A-36F8-415A-A0F3-42D0CA63445F}.Release|Any CPU.ActiveCfg = Release|Any CPU
		{BA982D2A-36F8-415A-A0F3-42D0CA63445F}.Release|Any CPU.Build.0 = Release|Any CPU
		{A925AB90-8964-4974-A2D2-E2C6742A3647}.Debug|Any CPU.ActiveCfg = Debug|Any CPU
		{A925AB90-8964-4974-A2D2-E2C6742A3647}.Debug|Any CPU.Build.0 = Debug|Any CPU
		{A925AB90-8964-4974-A2D2-E2C6742A3647}.Release|Any CPU.ActiveCfg = Release|Any CPU
		{A925AB90-8964-4974-A2D2-E2C6742A3647}.Release|Any CPU.Build.0 = Release|Any CPU
		{B7DE57FD-6776-4DD5-8382-BC507222D6F5}.Debug|Any CPU.ActiveCfg = Debug|Any CPU
		{B7DE57FD-6776-4DD5-8382-BC507222D6F5}.Debug|Any CPU.Build.0 = Debug|Any CPU
		{B7DE57FD-6776-4DD5-8382-BC507222D6F5}.Release|Any CPU.ActiveCfg = Release|Any CPU
		{B7DE57FD-6776-4DD5-8382-BC507222D6F5}.Release|Any CPU.Build.0 = Release|Any CPU
	EndGlobalSection
	GlobalSection(SolutionProperties) = preSolution
		HideSolutionNode = FALSE
	EndGlobalSection
	GlobalSection(ExtensibilityGlobals) = postSolution
		SolutionGuid = {97049BEC-9374-42BF-BEF2-92704A955F33}
	EndGlobalSection
EndGlobal
